{
  "lockfileVersion": 1,
  "workspaces": {
    "": {
      "name": "bodar",
      "devDependencies": {
        "@types/bun": "^1.2.3",
        "asserttt": "^1.0.1",
        "typescript": "^5.7.3",
      },
    },
    "packages/dataflow": {
      "name": "@bodar/dataflow",
      "version": "0.0.0",
      "dependencies": {
        "acorn": "^8.15.0",
      },
    },
    "packages/lazyrecords": {
      "name": "@bodar/lazyrecords",
      "version": "0.0.0",
      "dependencies": {
        "@bodar/totallylazy": "workspace:totallylazy",
      },
      "devDependencies": {
        "bun-types": "1.2.3",
      },
    },
    "packages/totallylazy": {
      "name": "@bodar/totallylazy",
      "version": "0.0.0",
    },
    "packages/yadic": {
      "name": "@bodar/yadic",
      "version": "0.0.0",
    },
  },
  "packages": {
    "@bodar/dataflow": ["@bodar/dataflow@workspace:packages/dataflow"],

    "@bodar/lazyrecords": ["@bodar/lazyrecords@workspace:packages/lazyrecords"],

    "@bodar/totallylazy": ["@bodar/totallylazy@workspace:packages/totallylazy"],

    "@bodar/yadic": ["@bodar/yadic@workspace:packages/yadic"],

    "@types/bun": ["@types/bun@1.2.4", "", { "dependencies": { "bun-types": "1.2.4" } }, "sha512-QtuV5OMR8/rdKJs213iwXDpfVvnskPXY/S0ZiFbsTjQZycuqPbMW8Gf/XhLfwE5njW8sxI2WjISURXPlHypMFA=="],

    "@types/node": ["@types/node@22.13.4", "", { "dependencies": { "undici-types": "~6.20.0" } }, "sha512-ywP2X0DYtX3y08eFVx5fNIw7/uIv8hYUKgXoK8oayJlLnKcRfEYCxWMVE1XagUdVtCJlZT1AU4LXEABW+L1Peg=="],

    "@types/ws": ["@types/ws@8.5.14", "", { "dependencies": { "@types/node": "*" } }, "sha512-bd/YFLW+URhBzMXurx7lWByOu+xzU9+kb3RboOteXYDfW+tr+JZa99OyNmPINEGB/ahzKrEuc8rcv4gnpJmxTw=="],

    "acorn": ["acorn@8.15.0", "", { "bin": { "acorn": "bin/acorn" } }, "sha512-NZyJarBfL7nWwIq+FDL6Zp/yHEhePMNnnJ0y3qfieCrmNvYct8uvtiV41UvlSe6apAfk0fY1FbWx+NwfmpvtTg=="],

    "asserttt": ["asserttt@1.0.1", "", {}, "sha512-bqiz6RE6xNait1jl8r8rXSlKEf2ZTKTzc+hVxu3n8cUjZftK2meo42PPq1sW09nlwnPlCJbo6eAI9du4SdOtbQ=="],

    "bun-types": ["bun-types@1.2.3", "", { "dependencies": { "@types/node": "*", "@types/ws": "~8.5.10" } }, "sha512-P7AeyTseLKAvgaZqQrvp3RqFM3yN9PlcLuSTe7SoJOfZkER73mLdT2vEQi8U64S1YvM/ldcNiQjn0Sn7H9lGgg=="],

    "typescript": ["typescript@5.8.2", "", { "bin": { "tsc": "bin/tsc", "tsserver": "bin/tsserver" } }, "sha512-aJn6wq13/afZp/jT9QZmwEjDqqvSGp1VT5GVg+f/t6/oVyrgXM6BY1h9BRh/O5p3PlUPAe+WuiEZOmb/49RqoQ=="],

    "undici-types": ["undici-types@6.20.0", "", {}, "sha512-Ny6QZ2Nju20vw1SRHe3d9jVu6gJ+4e3+MMpqu7pqE5HT6WsTSlce++GQmK5UXS8mzV8DSYHrQH+Xrf2jVcuKNg=="],

    "@types/bun/bun-types": ["bun-types@1.2.4", "", { "dependencies": { "@types/node": "*", "@types/ws": "~8.5.10" } }, "sha512-nDPymR207ZZEoWD4AavvEaa/KZe/qlrbMSchqpQwovPZCKc7pwMoENjEtHgMKaAjJhy+x6vfqSBA1QU3bJgs0Q=="],
  }
}
