{
  "lockfileVersion": 1,
  "configVersion": 0,
  "workspaces": {
    "": {
      "name": "bodar",
      "dependencies": {
        "@observablehq/inputs": "^0.12.0",
      },
      "devDependencies": {
        "@types/bun": "^1.2.3",
        "@typescript/native-preview": "^7.0.0-dev.20251213.1",
        "asserttt": "^1.0.1",
      },
    },
    "packages/dataflow": {
      "name": "@bodar/dataflow",
      "version": "0.0.0",
      "dependencies": {
        "@bodar/jsx2dom": "workspace:jsx2dom",
        "acorn": "^8.15.0",
        "acorn-jsx": "^5.3.2",
        "astring": "^1.9.0",
      },
    },
    "packages/jsx2dom": {
      "name": "@bodar/jsx2dom",
      "version": "0.0.0",
      "devDependencies": {
        "linkedom": "^0.18.12",
      },
    },
    "packages/lazyrecords": {
      "name": "@bodar/lazyrecords",
      "version": "0.0.0",
      "dependencies": {
        "@bodar/totallylazy": "workspace:totallylazy",
      },
      "devDependencies": {
        "bun-types": "1.2.3",
      },
    },
    "packages/totallylazy": {
      "name": "@bodar/totallylazy",
      "version": "0.0.0",
      "devDependencies": {
        "linkedom": "^0.18.12",
      },
    },
    "packages/yadic": {
      "name": "@bodar/yadic",
      "version": "0.0.0",
    },
  },
  "packages": {
    "@bodar/dataflow": ["@bodar/dataflow@workspace:packages/dataflow"],

    "@bodar/jsx2dom": ["@bodar/jsx2dom@workspace:packages/jsx2dom"],

    "@bodar/lazyrecords": ["@bodar/lazyrecords@workspace:packages/lazyrecords"],

    "@bodar/totallylazy": ["@bodar/totallylazy@workspace:packages/totallylazy"],

    "@bodar/yadic": ["@bodar/yadic@workspace:packages/yadic"],

    "@observablehq/inputs": ["@observablehq/inputs@0.12.0", "", { "dependencies": { "htl": "^0.3.1", "isoformat": "^0.2.0" } }, "sha512-1ln7+PYe31cMx00K9awVbiCscQM0THnXRJ/AEzd+FfTA25Gu3KRWknAGECxU49QzHyKqiXpLl5LCg3XtYm70eQ=="],

    "@types/bun": ["@types/bun@1.2.4", "", { "dependencies": { "bun-types": "1.2.4" } }, "sha512-QtuV5OMR8/rdKJs213iwXDpfVvnskPXY/S0ZiFbsTjQZycuqPbMW8Gf/XhLfwE5njW8sxI2WjISURXPlHypMFA=="],

    "@types/node": ["@types/node@22.13.4", "", { "dependencies": { "undici-types": "~6.20.0" } }, "sha512-ywP2X0DYtX3y08eFVx5fNIw7/uIv8hYUKgXoK8oayJlLnKcRfEYCxWMVE1XagUdVtCJlZT1AU4LXEABW+L1Peg=="],

    "@types/ws": ["@types/ws@8.5.14", "", { "dependencies": { "@types/node": "*" } }, "sha512-bd/YFLW+URhBzMXurx7lWByOu+xzU9+kb3RboOteXYDfW+tr+JZa99OyNmPINEGB/ahzKrEuc8rcv4gnpJmxTw=="],

    "@typescript/native-preview": ["@typescript/native-preview@7.0.0-dev.20251213.1", "", { "optionalDependencies": { "@typescript/native-preview-darwin-arm64": "7.0.0-dev.20251213.1", "@typescript/native-preview-darwin-x64": "7.0.0-dev.20251213.1", "@typescript/native-preview-linux-arm": "7.0.0-dev.20251213.1", "@typescript/native-preview-linux-arm64": "7.0.0-dev.20251213.1", "@typescript/native-preview-linux-x64": "7.0.0-dev.20251213.1", "@typescript/native-preview-win32-arm64": "7.0.0-dev.20251213.1", "@typescript/native-preview-win32-x64": "7.0.0-dev.20251213.1" }, "bin": { "tsgo": "bin/tsgo.js" } }, "sha512-nfVoWQJoZ4jyxqdSnlT2fqYbU0/QLFhTM92s7mWRd8FuIVVfwkNWyvncC0FouJxXrGotG3TTuLj6/MzpOppd5A=="],

    "@typescript/native-preview-darwin-arm64": ["@typescript/native-preview-darwin-arm64@7.0.0-dev.20251213.1", "", { "os": "darwin", "cpu": "arm64" }, "sha512-O8aGcVDAPoLYiimB7OEZnlsxfplFBwUdOBx1RcsC8NftZQkrTv/tZNJrwKpe7ldYKQu2zGYy/HX2c7qz0GKk8A=="],

    "@typescript/native-preview-darwin-x64": ["@typescript/native-preview-darwin-x64@7.0.0-dev.20251213.1", "", { "os": "darwin", "cpu": "x64" }, "sha512-dM0inoyop+XnPYFm0lJ/jqvQ+A8r8a30H7Fw8ZZv+xW5l2ryZ0+oH5h8Od1PseeoyUQ12jYAPMIhE25pXOMl8g=="],

    "@typescript/native-preview-linux-arm": ["@typescript/native-preview-linux-arm@7.0.0-dev.20251213.1", "", { "os": "linux", "cpu": "arm" }, "sha512-uHrWHo9o/is5SJ6qG+9gf0+LL1WbXN7SzLpDISSdKTqWhbVt/blpgywDedvemiP17AEbrZJLEWIzPjKASBcMng=="],

    "@typescript/native-preview-linux-arm64": ["@typescript/native-preview-linux-arm64@7.0.0-dev.20251213.1", "", { "os": "linux", "cpu": "arm64" }, "sha512-jlths8NYx/cCVA8g7ybwyE/oR4WDM/OukgKEk7JlFo0r20Q5LB2rUlK1QlOuRC7ESIh9NypCqe9O1DsTM77fFw=="],

    "@typescript/native-preview-linux-x64": ["@typescript/native-preview-linux-x64@7.0.0-dev.20251213.1", "", { "os": "linux", "cpu": "x64" }, "sha512-EiukhOwin8M7aOxVNMgwuBv9fkC0706Fuuo5zVpc4+5hmrNh4nHCkpoUTa8HmMS3cJtuajbpO5+UtVvqEw+9Hw=="],

    "@typescript/native-preview-win32-arm64": ["@typescript/native-preview-win32-arm64@7.0.0-dev.20251213.1", "", { "os": "win32", "cpu": "arm64" }, "sha512-uKIVjXQiX/J8UbGGai79+Jib1WG4mv0jYs7x+P+K7dGey9sSzZtLoIrkfV+pYyH/KOs0qh7cVli8gg7zkG69ng=="],

    "@typescript/native-preview-win32-x64": ["@typescript/native-preview-win32-x64@7.0.0-dev.20251213.1", "", { "os": "win32", "cpu": "x64" }, "sha512-pCOkrGwiIlCw1U2rJKgyRK05WLzZBZ5+hHiWpXBPxGRe0FdF3ISp1zN3Pi/pq7A6dh422MO9Oca+XhwduzEz5Q=="],

    "acorn": ["acorn@8.15.0", "", { "bin": { "acorn": "bin/acorn" } }, "sha512-NZyJarBfL7nWwIq+FDL6Zp/yHEhePMNnnJ0y3qfieCrmNvYct8uvtiV41UvlSe6apAfk0fY1FbWx+NwfmpvtTg=="],

    "acorn-jsx": ["acorn-jsx@5.3.2", "", { "peerDependencies": { "acorn": "^6.0.0 || ^7.0.0 || ^8.0.0" } }, "sha512-rq9s+JNhf0IChjtDXxllJ7g41oZk5SlXtp0LHwyA5cejwn7vKmKp4pPri6YEePv2PU65sAsegbXtIinmDFDXgQ=="],

    "asserttt": ["asserttt@1.0.1", "", {}, "sha512-bqiz6RE6xNait1jl8r8rXSlKEf2ZTKTzc+hVxu3n8cUjZftK2meo42PPq1sW09nlwnPlCJbo6eAI9du4SdOtbQ=="],

    "astring": ["astring@1.9.0", "", { "bin": { "astring": "bin/astring" } }, "sha512-LElXdjswlqjWrPpJFg1Fx4wpkOCxj1TDHlSV4PlaRxHGWko024xICaa97ZkMfs6DRKlCguiAI+rbXv5GWwXIkg=="],

    "boolbase": ["boolbase@1.0.0", "", {}, "sha512-JZOSA7Mo9sNGB8+UjSgzdLtokWAky1zbztM3WRLCbZ70/3cTANmQmOdR7y2g+J0e2WXywy1yS468tY+IruqEww=="],

    "bun-types": ["bun-types@1.2.3", "", { "dependencies": { "@types/node": "*", "@types/ws": "~8.5.10" } }, "sha512-P7AeyTseLKAvgaZqQrvp3RqFM3yN9PlcLuSTe7SoJOfZkER73mLdT2vEQi8U64S1YvM/ldcNiQjn0Sn7H9lGgg=="],

    "css-select": ["css-select@5.2.2", "", { "dependencies": { "boolbase": "^1.0.0", "css-what": "^6.1.0", "domhandler": "^5.0.2", "domutils": "^3.0.1", "nth-check": "^2.0.1" } }, "sha512-TizTzUddG/xYLA3NXodFM0fSbNizXjOKhqiQQwvhlspadZokn1KDy0NZFS0wuEubIYAV5/c1/lAr0TaaFXEXzw=="],

    "css-what": ["css-what@6.2.2", "", {}, "sha512-u/O3vwbptzhMs3L1fQE82ZSLHQQfto5gyZzwteVIEyeaY5Fc7R4dapF/BvRoSYFeqfBk4m0V1Vafq5Pjv25wvA=="],

    "cssom": ["cssom@0.5.0", "", {}, "sha512-iKuQcq+NdHqlAcwUY0o/HL69XQrUaQdMjmStJ8JFmUaiiQErlhrmuigkg/CU4E2J0IyUKUrMAgl36TvN67MqTw=="],

    "dom-serializer": ["dom-serializer@2.0.0", "", { "dependencies": { "domelementtype": "^2.3.0", "domhandler": "^5.0.2", "entities": "^4.2.0" } }, "sha512-wIkAryiqt/nV5EQKqQpo3SToSOV9J0DnbJqwK7Wv/Trc92zIAYZ4FlMu+JPFW1DfGFt81ZTCGgDEabffXeLyJg=="],

    "domelementtype": ["domelementtype@2.3.0", "", {}, "sha512-OLETBj6w0OsagBwdXnPdN0cnMfF9opN69co+7ZrbfPGrdpPVNBUj02spi6B1N7wChLQiPn4CSH/zJvXw56gmHw=="],

    "domhandler": ["domhandler@5.0.3", "", { "dependencies": { "domelementtype": "^2.3.0" } }, "sha512-cgwlv/1iFQiFnU96XXgROh8xTeetsnJiDsTc7TYCLFd9+/WNkIqPTxiM/8pSd8VIrhXGTf1Ny1q1hquVqDJB5w=="],

    "domutils": ["domutils@3.2.2", "", { "dependencies": { "dom-serializer": "^2.0.0", "domelementtype": "^2.3.0", "domhandler": "^5.0.3" } }, "sha512-6kZKyUajlDuqlHKVX1w7gyslj9MPIXzIFiz/rGu35uC1wMi+kMhQwGhl4lt9unC9Vb9INnY9Z3/ZA3+FhASLaw=="],

    "entities": ["entities@6.0.1", "", {}, "sha512-aN97NXWF6AWBTahfVOIrB/NShkzi5H7F9r1s9mD3cDj4Ko5f2qhhVoYMibXF7GlLveb/D2ioWay8lxI97Ven3g=="],

    "htl": ["htl@0.3.1", "", {}, "sha512-1LBtd+XhSc+++jpOOt0lCcEycXs/zTQSupOISnVAUmvGBpV7DH+C2M6hwV7zWYfpTMMg9ch4NO0lHiOTAMHdVA=="],

    "html-escaper": ["html-escaper@3.0.3", "", {}, "sha512-RuMffC89BOWQoY0WKGpIhn5gX3iI54O6nRA0yC124NYVtzjmFWBIiFd8M0x+ZdX0P9R4lADg1mgP8C7PxGOWuQ=="],

    "htmlparser2": ["htmlparser2@10.0.0", "", { "dependencies": { "domelementtype": "^2.3.0", "domhandler": "^5.0.3", "domutils": "^3.2.1", "entities": "^6.0.0" } }, "sha512-TwAZM+zE5Tq3lrEHvOlvwgj1XLWQCtaaibSN11Q+gGBAS7Y1uZSWwXXRe4iF6OXnaq1riyQAPFOBtYc77Mxq0g=="],

    "isoformat": ["isoformat@0.2.1", "", {}, "sha512-tFLRAygk9NqrRPhJSnNGh7g7oaVWDwR0wKh/GM2LgmPa50Eg4UfyaCO4I8k6EqJHl1/uh2RAD6g06n5ygEnrjQ=="],

    "linkedom": ["linkedom@0.18.12", "", { "dependencies": { "css-select": "^5.1.0", "cssom": "^0.5.0", "html-escaper": "^3.0.3", "htmlparser2": "^10.0.0", "uhyphen": "^0.2.0" }, "peerDependencies": { "canvas": ">= 2" }, "optionalPeers": ["canvas"] }, "sha512-jalJsOwIKuQJSeTvsgzPe9iJzyfVaEJiEXl+25EkKevsULHvMJzpNqwvj1jOESWdmgKDiXObyjOYwlUqG7wo1Q=="],

    "nth-check": ["nth-check@2.1.1", "", { "dependencies": { "boolbase": "^1.0.0" } }, "sha512-lqjrjmaOoAnWfMmBPL+XNnynZh2+swxiX3WUE0s4yEHI6m+AwrK2UZOimIRl3X/4QctVqS8AiZjFqyOGrMXb/w=="],

    "uhyphen": ["uhyphen@0.2.0", "", {}, "sha512-qz3o9CHXmJJPGBdqzab7qAYuW8kQGKNEuoHFYrBwV6hWIMcpAmxDLXojcHfFr9US1Pe6zUswEIJIbLI610fuqA=="],

    "undici-types": ["undici-types@6.20.0", "", {}, "sha512-Ny6QZ2Nju20vw1SRHe3d9jVu6gJ+4e3+MMpqu7pqE5HT6WsTSlce++GQmK5UXS8mzV8DSYHrQH+Xrf2jVcuKNg=="],

    "@types/bun/bun-types": ["bun-types@1.2.4", "", { "dependencies": { "@types/node": "*", "@types/ws": "~8.5.10" } }, "sha512-nDPymR207ZZEoWD4AavvEaa/KZe/qlrbMSchqpQwovPZCKc7pwMoENjEtHgMKaAjJhy+x6vfqSBA1QU3bJgs0Q=="],

    "dom-serializer/entities": ["entities@4.5.0", "", {}, "sha512-V0hjH4dGPh9Ao5p0MoRY6BVqtwCjhz6vI5LT8AJ55H+4g9/4vbHx1I54fS0XuclLhDHArPQCiMjDxjaL8fPxhw=="],
  }
}
